{
    "_readme": [
        "This file locks the dependencies of your project to a known state",
        "Read more about it at https://getcomposer.org/doc/01-basic-usage.md#composer-lock-the-lock-file",
        "This file is @generated automatically"
    ],
    "hash": "9ba325b0ba670c3a39009f9ef6a611c5",
    "content-hash": "921d12576f4f69e119f0aa9a7e750b94",
    "packages": [],
    "packages-dev": [
        {
            "name": "errors/specification",
            "version": "0.1.0",
            "source": {
                "type": "git",
                "url": "https://github.com/php-errors/specification.git",
                "reference": "510f4ec4b81d4d04726a1eeb0ef9ff3289713bf0"
            },
            "dist": {
                "type": "zip",
                "url": "https://api.github.com/repos/php-errors/specification/zipball/510f4ec4b81d4d04726a1eeb0ef9ff3289713bf0",
                "reference": "510f4ec4b81d4d04726a1eeb0ef9ff3289713bf0",
                "shasum": ""
            },
            "bin": [
                "test/exception-based-error-handler"
            ],
            "type": "library",
            "notification-url": "https://packagist.org/downloads/",
            "license": [
                "MIT"
            ],
            "authors": [
                {
                    "name": "Erin Millard",
                    "email": "ezzatron@gmail.com",
                    "homepage": "http://ezzatron.com/"
                }
            ],
            "description": "Error specification documents, and associated testing tools for ensuring conformance.",
            "homepage": "https://github.com/php-errors/exceptions",
            "keywords": [
                "error",
                "specification"
            ],
            "time": "2016-12-12 22:57:35"
        }
    ],
    "aliases": [],
    "minimum-stability": "stable",
    "stability-flags": [],
    "prefer-stable": false,
    "prefer-lowest": false,
    "platform": [],
    "platform-dev": []
}
